
Microsoft Visual Studio Solution File, Format Version 11.00
# Visual Studio 2010
# SharpDevelop 4.3
Project("{FAE04EC0-301F-11D3-BF4B-00C04F79EFBC}") = "Grod", "Grod\Grod.csproj", "{7E45249A-78DC-4DFC-9524-72C928742E87}"
EndProject
Global
	GlobalSection(SolutionConfigurationPlatforms) = preSolution
		Debug|Any CPU = Debug|Any CPU
		Release|Any CPU = Release|Any CPU
	EndGlobalSection
	GlobalSection(ProjectConfigurationPlatforms) = postSolution
		{7E45249A-78DC-4DFC-9524-72C928742E87}.Debug|Any CPU.Build.0 = Debug|Any CPU
		{7E45249A-78DC-4DFC-9524-72C928742E87}.Debug|Any CPU.ActiveCfg = Debug|Any CPU
		{7E45249A-78DC-4DFC-9524-72C928742E87}.Release|Any CPU.Build.0 = Release|Any CPU
		{7E45249A-78DC-4DFC-9524-72C928742E87}.Release|Any CPU.ActiveCfg = Release|Any CPU
	EndGlobalSection
EndGlobal
